// !$*UTF8*$!
{
	archiveVersion = 1;
	classes = {
	};
	objectVersion = 46;
	objects = {

/* Begin PBXBuildFile section */
		A9F2DB2E109B175A5D5AC730 /* Pods_CocoapodsExTests.framework in Frameworks */ = {isa = PBXBuildFile; fileRef = 17C7EFBF3BB1374B49241C7E /* Pods_CocoapodsExTests.framework */; };
		C0C09B644EB0B6807E3CC161 /* Pods_CocoapodsExUITests.framework in Frameworks */ = {isa = PBXBuildFile; fileRef = C2C72CED1148F12D027AD27F /* Pods_CocoapodsExUITests.framework */; };
		CD0F7B9CD8D725188486F785 /* Pods_CocoapodsEx.framework in Frameworks */ = {isa = PBXBuildFile; fileRef = 713BA09928FB44A6A29C83C4 /* Pods_CocoapodsEx.framework */; };
		D68A97961E25C140007CF539 /* AppDelegate.swift in Sources */ = {isa = PBXBuildFile; fileRef = D68A97951E25C140007CF539 /* AppDelegate.swift */; };
		D68A97981E25C140007CF539 /* ViewController.swift in Sources */ = {isa = PBXBuildFile; fileRef = D68A97971E25C140007CF539 /* ViewController.swift */; };
		D68A979B1E25C140007CF539 /* Main.storyboard in Resources */ = {isa = PBXBuildFile; fileRef = D68A97991E25C140007CF539 /* Main.storyboard */; };
		D68A979D1E25C140007CF539 /* Assets.xcassets in Resources */ = {isa = PBXBuildFile; fileRef = D68A979C1E25C140007CF539 /* Assets.xcassets */; };
		D68A97A01E25C140007CF539 /* LaunchScreen.storyboard in Resources */ = {isa = PBXBuildFile; fileRef = D68A979E1E25C140007CF539 /* LaunchScreen.storyboard */; };
		D68A97AB1E25C140007CF539 /* CocoapodsExTests.swift in Sources */ = {isa = PBXBuildFile; fileRef = D68A97AA1E25C140007CF539 /* CocoapodsExTests.swift */; };
		D68A97B61E25C140007CF539 /* CocoapodsExUITests.swift in Sources */ = {isa = PBXBuildFile; fileRef = D68A97B51E25C140007CF539 /* CocoapodsExUITests.swift */; };
/* End PBXBuildFile section */

/* Begin PBXContainerItemProxy section */
		D68A97A71E25C140007CF539 /* PBXContainerItemProxy */ = {
			isa = PBXContainerItemProxy;
			containerPortal = D68A978A1E25C140007CF539 /* Project object */;
			proxyType = 1;
			remoteGlobalIDString = D68A97911E25C140007CF539;
			remoteInfo = CocoapodsEx;
		};
		D68A97B21E25C140007CF539 /* PBXContainerItemProxy */ = {
			isa = PBXContainerItemProxy;
			containerPortal = D68A978A1E25C140007CF539 /* Project object */;
			proxyType = 1;
			remoteGlobalIDString = D68A97911E25C140007CF539;
			remoteInfo = CocoapodsEx;
		};
/* End PBXContainerItemProxy section */

/* Begin PBXFileReference section */
		17C7EFBF3BB1374B49241C7E /* Pods_CocoapodsExTests.framework */ = {isa = PBXFileReference; explicitFileType = wrapper.framework; includeInIndex = 0; path = Pods_CocoapodsExTests.framework; sourceTree = BUILT_PRODUCTS_DIR; };
		1EA015DB8B7155E9490225AA /* Pods-CocoapodsEx.debug.xcconfig */ = {isa = PBXFileReference; includeInIndex = 1; lastKnownFileType = text.xcconfig; name = "Pods-CocoapodsEx.debug.xcconfig"; path = "Pods/Target Support Files/Pods-CocoapodsEx/Pods-CocoapodsEx.debug.xcconfig"; sourceTree = "<group>"; };
		4EC4D3C3BFA33E71F258B055 /* Pods-CocoapodsExUITests.debug.xcconfig */ = {isa = PBXFileReference; includeInIndex = 1; lastKnownFileType = text.xcconfig; name = "Pods-CocoapodsExUITests.debug.xcconfig"; path = "Pods/Target Support Files/Pods-CocoapodsExUITests/Pods-CocoapodsExUITests.debug.xcconfig"; sourceTree = "<group>"; };
		5B3532EE22DBF9CBC44E6D1D /* Pods-CocoapodsEx.release.xcconfig */ = {isa = PBXFileReference; includeInIndex = 1; lastKnownFileType = text.xcconfig; name = "Pods-CocoapodsEx.release.xcconfig"; path = "Pods/Target Support Files/Pods-CocoapodsEx/Pods-CocoapodsEx.release.xcconfig"; sourceTree = "<group>"; };
		713BA09928FB44A6A29C83C4 /* Pods_CocoapodsEx.framework */ = {isa = PBXFileReference; explicitFileType = wrapper.framework; includeInIndex = 0; path = Pods_CocoapodsEx.framework; sourceTree = BUILT_PRODUCTS_DIR; };
		7A10145E26D2D30245830540 /* Pods-CocoapodsExUITests.release.xcconfig */ = {isa = PBXFileReference; includeInIndex = 1; lastKnownFileType = text.xcconfig; name = "Pods-CocoapodsExUITests.release.xcconfig"; path = "Pods/Target Support Files/Pods-CocoapodsExUITests/Pods-CocoapodsExUITests.release.xcconfig"; sourceTree = "<group>"; };
		88504DD8FF29806A17279203 /* Pods-CocoapodsExTests.debug.xcconfig */ = {isa = PBXFileReference; includeInIndex = 1; lastKnownFileType = text.xcconfig; name = "Pods-CocoapodsExTests.debug.xcconfig"; path = "Pods/Target Support Files/Pods-CocoapodsExTests/Pods-CocoapodsExTests.debug.xcconfig"; sourceTree = "<group>"; };
		AB051A760BF8A037E51750F3 /* Pods-CocoapodsExTests.release.xcconfig */ = {isa = PBXFileReference; includeInIndex = 1; lastKnownFileType = text.xcconfig; name = "Pods-CocoapodsExTests.release.xcconfig"; path = "Pods/Target Support Files/Pods-CocoapodsExTests/Pods-CocoapodsExTests.release.xcconfig"; sourceTree = "<group>"; };
		C2C72CED1148F12D027AD27F /* Pods_CocoapodsExUITests.framework */ = {isa = PBXFileReference; explicitFileType = wrapper.framework; includeInIndex = 0; path = Pods_CocoapodsExUITests.framework; sourceTree = BUILT_PRODUCTS_DIR; };
		D68A97921E25C140007CF539 /* CocoapodsEx.app */ = {isa = PBXFileReference; explicitFileType = wrapper.application; includeInIndex = 0; path = CocoapodsEx.app; sourceTree = BUILT_PRODUCTS_DIR; };
		D68A97951E25C140007CF539 /* AppDelegate.swift */ = {isa = PBXFileReference; lastKnownFileType = sourcecode.swift; path = AppDelegate.swift; sourceTree = "<group>"; };
		D68A97971E25C140007CF539 /* ViewController.swift */ = {isa = PBXFileReference; lastKnownFileType = sourcecode.swift; path = ViewController.swift; sourceTree = "<group>"; };
		D68A979A1E25C140007CF539 /* Base */ = {isa = PBXFileReference; lastKnownFileType = file.storyboard; name = Base; path = Base.lproj/Main.storyboard; sourceTree = "<group>"; };
		D68A979C1E25C140007CF539 /* Assets.xcassets */ = {isa = PBXFileReference; lastKnownFileType = folder.assetcatalog; path = Assets.xcassets; sourceTree = "<group>"; };
		D68A979F1E25C140007CF539 /* Base */ = {isa = PBXFileReference; lastKnownFileType = file.storyboard; name = Base; path = Base.lproj/LaunchScreen.storyboard; sourceTree = "<group>"; };
		D68A97A11E25C140007CF539 /* Info.plist */ = {isa = PBXFileReference; lastKnownFileType = text.plist.xml; path = Info.plist; sourceTree = "<group>"; };
		D68A97A61E25C140007CF539 /* CocoapodsExTests.xctest */ = {isa = PBXFileReference; explicitFileType = wrapper.cfbundle; includeInIndex = 0; path = CocoapodsExTests.xctest; sourceTree = BUILT_PRODUCTS_DIR; };
		D68A97AA1E25C140007CF539 /* CocoapodsExTests.swift */ = {isa = PBXFileReference; lastKnownFileType = sourcecode.swift; path = CocoapodsExTests.swift; sourceTree = "<group>"; };
		D68A97AC1E25C140007CF539 /* Info.plist */ = {isa = PBXFileReference; lastKnownFileType = text.plist.xml; path = Info.plist; sourceTree = "<group>"; };
		D68A97B11E25C140007CF539 /* CocoapodsExUITests.xctest */ = {isa = PBXFileReference; explicitFileType = wrapper.cfbundle; includeInIndex = 0; path = CocoapodsExUITests.xctest; sourceTree = BUILT_PRODUCTS_DIR; };
		D68A97B51E25C140007CF539 /* CocoapodsExUITests.swift */ = {isa = PBXFileReference; lastKnownFileType = sourcecode.swift; path = CocoapodsExUITests.swift; sourceTree = "<group>"; };
		D68A97B71E25C140007CF539 /* Info.plist */ = {isa = PBXFileReference; lastKnownFileType = text.plist.xml; path = Info.plist; sourceTree = "<group>"; };
/* End PBXFileReference section */

/* Begin PBXFrameworksBuildPhase section */
		D68A978F1E25C140007CF539 /* Frameworks */ = {
			isa = PBXFrameworksBuildPhase;
			buildActionMask = 2147483647;
			files = (
				CD0F7B9CD8D725188486F785 /* Pods_CocoapodsEx.framework in Frameworks */,
			);
			runOnlyForDeploymentPostprocessing = 0;
		};
		D68A97A31E25C140007CF539 /* Frameworks */ = {
			isa = PBXFrameworksBuildPhase;
			buildActionMask = 2147483647;
			files = (
				A9F2DB2E109B175A5D5AC730 /* Pods_CocoapodsExTests.framework in Frameworks */,
			);
			runOnlyForDeploymentPostprocessing = 0;
		};
		D68A97AE1E25C140007CF539 /* Frameworks */ = {
			isa = PBXFrameworksBuildPhase;
			buildActionMask = 2147483647;
			files = (
				C0C09B644EB0B6807E3CC161 /* Pods_CocoapodsExUITests.framework in Frameworks */,
			);
			runOnlyForDeploymentPostprocessing = 0;
		};
/* End PBXFrameworksBuildPhase section */

/* Begin PBXGroup section */
		45C71F947B0B03263AE400CC /* Pods */ = {
			isa = PBXGroup;
			children = (
				1EA015DB8B7155E9490225AA /* Pods-CocoapodsEx.debug.xcconfig */,
				5B3532EE22DBF9CBC44E6D1D /* Pods-CocoapodsEx.release.xcconfig */,
				88504DD8FF29806A17279203 /* Pods-CocoapodsExTests.debug.xcconfig */,
				AB051A760BF8A037E51750F3 /* Pods-CocoapodsExTests.release.xcconfig */,
				4EC4D3C3BFA33E71F258B055 /* Pods-CocoapodsExUITests.debug.xcconfig */,
				7A10145E26D2D30245830540 /* Pods-CocoapodsExUITests.release.xcconfig */,
			);
			name = Pods;
			sourceTree = "<group>";
		};
		BC811E1A2F645CC65B157AEA /* Frameworks */ = {
			isa = PBXGroup;
			children = (
				713BA09928FB44A6A29C83C4 /* Pods_CocoapodsEx.framework */,
				17C7EFBF3BB1374B49241C7E /* Pods_CocoapodsExTests.framework */,
				C2C72CED1148F12D027AD27F /* Pods_CocoapodsExUITests.framework */,
			);
			name = Frameworks;
			sourceTree = "<group>";
		};
		D68A97891E25C140007CF539 = {
			isa = PBXGroup;
			children = (
				D68A97941E25C140007CF539 /* CocoapodsEx */,
				D68A97A91E25C140007CF539 /* CocoapodsExTests */,
				D68A97B41E25C140007CF539 /* CocoapodsExUITests */,
				D68A97931E25C140007CF539 /* Products */,
				45C71F947B0B03263AE400CC /* Pods */,
				BC811E1A2F645CC65B157AEA /* Frameworks */,
			);
			sourceTree = "<group>";
		};
		D68A97931E25C140007CF539 /* Products */ = {
			isa = PBXGroup;
			children = (
				D68A97921E25C140007CF539 /* CocoapodsEx.app */,
				D68A97A61E25C140007CF539 /* CocoapodsExTests.xctest */,
				D68A97B11E25C140007CF539 /* CocoapodsExUITests.xctest */,
			);
			name = Products;
			sourceTree = "<group>";
		};
		D68A97941E25C140007CF539 /* CocoapodsEx */ = {
			isa = PBXGroup;
			children = (
				D68A97951E25C140007CF539 /* AppDelegate.swift */,
				D68A97971E25C140007CF539 /* ViewController.swift */,
				D68A97991E25C140007CF539 /* Main.storyboard */,
				D68A979C1E25C140007CF539 /* Assets.xcassets */,
				D68A979E1E25C140007CF539 /* LaunchScreen.storyboard */,
				D68A97A11E25C140007CF539 /* Info.plist */,
			);
			path = CocoapodsEx;
			sourceTree = "<group>";
		};
		D68A97A91E25C140007CF539 /* CocoapodsExTests */ = {
			isa = PBXGroup;
			children = (
				D68A97AA1E25C140007CF539 /* CocoapodsExTests.swift */,
				D68A97AC1E25C140007CF539 /* Info.plist */,
			);
			path = CocoapodsExTests;
			sourceTree = "<group>";
		};
		D68A97B41E25C140007CF539 /* CocoapodsExUITests */ = {
			isa = PBXGroup;
			children = (
				D68A97B51E25C140007CF539 /* CocoapodsExUITests.swift */,
				D68A97B71E25C140007CF539 /* Info.plist */,
			);
			path = CocoapodsExUITests;
			sourceTree = "<group>";
		};
/* End PBXGroup section */

/* Begin PBXNativeTarget section */
		D68A97911E25C140007CF539 /* CocoapodsEx */ = {
			isa = PBXNativeTarget;
			buildConfigurationList = D68A97BA1E25C140007CF539 /* Build configuration list for PBXNativeTarget "CocoapodsEx" */;
			buildPhases = (
				2C6FE2193F083C40685C7EC2 /* [CP] Check Pods Manifest.lock */,
				D68A978E1E25C140007CF539 /* Sources */,
				D68A978F1E25C140007CF539 /* Frameworks */,
				D68A97901E25C140007CF539 /* Resources */,
				ADAA8C495D8B1D84B169252E /* [CP] Embed Pods Frameworks */,
				23F36A2FBFBF1650D8831EC6 /* [CP] Copy Pods Resources */,
			);
			buildRules = (
			);
			dependencies = (
			);
			name = CocoapodsEx;
			productName = CocoapodsEx;
			productReference = D68A97921E25C140007CF539 /* CocoapodsEx.app */;
			productType = "com.apple.product-type.application";
		};
		D68A97A51E25C140007CF539 /* CocoapodsExTests */ = {
			isa = PBXNativeTarget;
			buildConfigurationList = D68A97BD1E25C140007CF539 /* Build configuration list for PBXNativeTarget "CocoapodsExTests" */;
			buildPhases = (
				C693F45A448C3D8E22F83451 /* [CP] Check Pods Manifest.lock */,
				D68A97A21E25C140007CF539 /* Sources */,
				D68A97A31E25C140007CF539 /* Frameworks */,
				D68A97A41E25C140007CF539 /* Resources */,
				F7BADEE45E4FCAF57291B01A /* [CP] Embed Pods Frameworks */,
				2937AAE326595B95E37ADF50 /* [CP] Copy Pods Resources */,
			);
			buildRules = (
			);
			dependencies = (
				D68A97A81E25C140007CF539 /* PBXTargetDependency */,
			);
			name = CocoapodsExTests;
			productName = CocoapodsExTests;
			productReference = D68A97A61E25C140007CF539 /* CocoapodsExTests.xctest */;
			productType = "com.apple.product-type.bundle.unit-test";
		};
		D68A97B01E25C140007CF539 /* CocoapodsExUITests */ = {
			isa = PBXNativeTarget;
			buildConfigurationList = D68A97C01E25C140007CF539 /* Build configuration list for PBXNativeTarget "CocoapodsExUITests" */;
			buildPhases = (
				C5824CEF8B07534205653C64 /* [CP] Check Pods Manifest.lock */,
				D68A97AD1E25C140007CF539 /* Sources */,
				D68A97AE1E25C140007CF539 /* Frameworks */,
				D68A97AF1E25C140007CF539 /* Resources */,
				5D5750BF7BD8D8FA21D2D9E1 /* [CP] Embed Pods Frameworks */,
				B907C667C671125562288E45 /* [CP] Copy Pods Resources */,
			);
			buildRules = (
			);
			dependencies = (
				D68A97B31E25C140007CF539 /* PBXTargetDependency */,
			);
			name = CocoapodsExUITests;
			productName = CocoapodsExUITests;
			productReference = D68A97B11E25C140007CF539 /* CocoapodsExUITests.xctest */;
			productType = "com.apple.product-type.bundle.ui-testing";
		};
/* End PBXNativeTarget section */

/* Begin PBXProject section */
		D68A978A1E25C140007CF539 /* Project object */ = {
			isa = PBXProject;
			attributes = {
				LastSwiftUpdateCheck = 0810;
				LastUpgradeCheck = 0810;
				ORGANIZATIONNAME = WhiteHobbit;
				TargetAttributes = {
					D68A97911E25C140007CF539 = {
						CreatedOnToolsVersion = 8.1;
						DevelopmentTeam = E3K4HTC5RG;
						ProvisioningStyle = Automatic;
					};
					D68A97A51E25C140007CF539 = {
						CreatedOnToolsVersion = 8.1;
						DevelopmentTeam = E3K4HTC5RG;
						ProvisioningStyle = Automatic;
						TestTargetID = D68A97911E25C140007CF539;
					};
					D68A97B01E25C140007CF539 = {
						CreatedOnToolsVersion = 8.1;
						DevelopmentTeam = E3K4HTC5RG;
						ProvisioningStyle = Automatic;
						TestTargetID = D68A97911E25C140007CF539;
					};
				};
			};
			buildConfigurationList = D68A978D1E25C140007CF539 /* Build configuration list for PBXProject "CocoapodsEx" */;
			compatibilityVersion = "Xcode 3.2";
			developmentRegion = English;
			hasScannedForEncodings = 0;
			knownRegions = (
				en,
				Base,
			);
			mainGroup = D68A97891E25C140007CF539;
			productRefGroup = D68A97931E25C140007CF539 /* Products */;
			projectDirPath = "";
			projectRoot = "";
			targets = (
				D68A97911E25C140007CF539 /* CocoapodsEx */,
				D68A97A51E25C140007CF539 /* CocoapodsExTests */,
				D68A97B01E25C140007CF539 /* CocoapodsExUITests */,
			);
		};
/* End PBXProject section */

/* Begin PBXResourcesBuildPhase section */
		D68A97901E25C140007CF539 /* Resources */ = {
			isa = PBXResourcesBuildPhase;
			buildActionMask = 2147483647;
			files = (
				D68A97A01E25C140007CF539 /* LaunchScreen.storyboard in Resources */,
				D68A979D1E25C140007CF539 /* Assets.xcassets in Resources */,
				D68A979B1E25C140007CF539 /* Main.storyboard in Resources */,
			);
			runOnlyForDeploymentPostprocessing = 0;
		};
		D68A97A41E25C140007CF539 /* Resources */ = {
			isa = PBXResourcesBuildPhase;
			buildActionMask = 2147483647;
			files = (
			);
			runOnlyForDeploymentPostprocessing = 0;
		};
		D68A97AF1E25C140007CF539 /* Resources */ = {
			isa = PBXResourcesBuildPhase;
			buildActionMask = 2147483647;
			files = (
			);
			runOnlyForDeploymentPostprocessing = 0;
		};
/* End PBXResourcesBuildPhase section */

/* Begin PBXShellScriptBuildPhase section */
		23F36A2FBFBF1650D8831EC6 /* [CP] Copy Pods Resources */ = {
			isa = PBXShellScriptBuildPhase;
			buildActionMask = 2147483647;
			files = (
			);
			inputPaths = (
			);
			name = "[CP] Copy Pods Resources";
			outputPaths = (
			);
			runOnlyForDeploymentPostprocessing = 0;
			shellPath = /bin/sh;
			shellScript = "\"${SRCROOT}/Pods/Target Support Files/Pods-CocoapodsEx/Pods-CocoapodsEx-resources.sh\"\n";
			showEnvVarsInLog = 0;
		};
		2937AAE326595B95E37ADF50 /* [CP] Copy Pods Resources */ = {
			isa = PBXShellScriptBuildPhase;
			buildActionMask = 2147483647;
			files = (
			);
			inputPaths = (
			);
			name = "[CP] Copy Pods Resources";
			outputPaths = (
			);
			runOnlyForDeploymentPostprocessing = 0;
			shellPath = /bin/sh;
			shellScript = "\"${SRCROOT}/Pods/Target Support Files/Pods-CocoapodsExTests/Pods-CocoapodsExTests-resources.sh\"\n";
			showEnvVarsInLog = 0;
		};
		2C6FE2193F083C40685C7EC2 /* [CP] Check Pods Manifest.lock */ = {
			isa = PBXShellScriptBuildPhase;
			buildActionMask = 2147483647;
			files = (
			);
			inputPaths = (
			);
			name = "[CP] Check Pods Manifest.lock";
			outputPaths = (
			);
			runOnlyForDeploymentPostprocessing = 0;
			shellPath = /bin/sh;
			shellScript = "diff \"${PODS_ROOT}/../Podfile.lock\" \"${PODS_ROOT}/Manifest.lock\" > /dev/null\nif [ $? != 0 ] ; then\n    # print error to STDERR\n    echo \"error: The sandbox is not in sync with the Podfile.lock. Run 'pod install' or update your CocoaPods installation.\" >&2\n    exit 1\nfi\n";
			showEnvVarsInLog = 0;
		};
		5D5750BF7BD8D8FA21D2D9E1 /* [CP] Embed Pods Frameworks */ = {
			isa = PBXShellScriptBuildPhase;
			buildActionMask = 2147483647;
			files = (
			);
			inputPaths = (
			);
			name = "[CP] Embed Pods Frameworks";
			outputPaths = (
			);
			runOnlyForDeploymentPostprocessing = 0;
			shellPath = /bin/sh;
			shellScript = "\"${SRCROOT}/Pods/Target Support Files/Pods-CocoapodsExUITests/Pods-CocoapodsExUITests-frameworks.sh\"\n";
			showEnvVarsInLog = 0;
		};
		ADAA8C495D8B1D84B169252E /* [CP] Embed Pods Frameworks */ = {
			isa = PBXShellScriptBuildPhase;
			buildActionMask = 2147483647;
			files = (
			);
			inputPaths = (
			);
			name = "[CP] Embed Pods Frameworks";
			outputPaths = (
			);
			runOnlyForDeploymentPostprocessing = 0;
			shellPath = /bin/sh;
			shellScript = "\"${SRCROOT}/Pods/Target Support Files/Pods-CocoapodsEx/Pods-CocoapodsEx-frameworks.sh\"\n";
			showEnvVarsInLog = 0;
		};
		B907C667C671125562288E45 /* [CP] Copy Pods Resources */ = {
			isa = PBXShellScriptBuildPhase;
			buildActionMask = 2147483647;
			files = (
			);
			inputPaths = (
			);
			name = "[CP] Copy Pods Resources";
			outputPaths = (
			);
			runOnlyForDeploymentPostprocessing = 0;
			shellPath = /bin/sh;
			shellScript = "\"${SRCROOT}/Pods/Target Support Files/Pods-CocoapodsExUITests/Pods-CocoapodsExUITests-resources.sh\"\n";
			showEnvVarsInLog = 0;
		};
		C5824CEF8B07534205653C64 /* [CP] Check Pods Manifest.lock */ = {
			isa = PBXShellScriptBuildPhase;
			buildActionMask = 2147483647;
			files = (
			);
			inputPaths = (
			);
			name = "[CP] Check Pods Manifest.lock";
			outputPaths = (
			);
			runOnlyForDeploymentPostprocessing = 0;
			shellPath = /bin/sh;
			shellScript = "diff \"${PODS_ROOT}/../Podfile.lock\" \"${PODS_ROOT}/Manifest.lock\" > /dev/null\nif [ $? != 0 ] ; then\n    # print error to STDERR\n    echo \"error: The sandbox is not in sync with the Podfile.lock. Run 'pod install' or update your CocoaPods installation.\" >&2\n    exit 1\nfi\n";
			showEnvVarsInLog = 0;
		};
		C693F45A448C3D8E22F83451 /* [CP] Check Pods Manifest.lock */ = {
			isa = PBXShellScriptBuildPhase;
			buildActionMask = 2147483647;
			files = (
			);
			inputPaths = (
			);
			name = "[CP] Check Pods Manifest.lock";
			outputPaths = (
			);
			runOnlyForDeploymentPostprocessing = 0;
			shellPath = /bin/sh;
			shellScript = "diff \"${PODS_ROOT}/../Podfile.lock\" \"${PODS_ROOT}/Manifest.lock\" > /dev/null\nif [ $? != 0 ] ; then\n    # print error to STDERR\n    echo \"error: The sandbox is not in sync with the Podfile.lock. Run 'pod install' or update your CocoaPods installation.\" >&2\n    exit 1\nfi\n";
			showEnvVarsInLog = 0;
		};
		F7BADEE45E4FCAF57291B01A /* [CP] Embed Pods Frameworks */ = {
			isa = PBXShellScriptBuildPhase;
			buildActionMask = 2147483647;
			files = (
			);
			inputPaths = (
			);
			name = "[CP] Embed Pods Frameworks";
			outputPaths = (
			);
			runOnlyForDeploymentPostprocessing = 0;
			shellPath = /bin/sh;
			shellScript = "\"${SRCROOT}/Pods/Target Support Files/Pods-CocoapodsExTests/Pods-CocoapodsExTests-frameworks.sh\"\n";
			showEnvVarsInLog = 0;
		};
/* End PBXShellScriptBuildPhase section */

/* Begin PBXSourcesBuildPhase section */
		D68A978E1E25C140007CF539 /* Sources */ = {
			isa = PBXSourcesBuildPhase;
			buildActionMask = 2147483647;
			files = (
				D68A97981E25C140007CF539 /* ViewController.swift in Sources */,
				D68A97961E25C140007CF539 /* AppDelegate.swift in Sources */,
			);
			runOnlyForDeploymentPostprocessing = 0;
		};
		D68A97A21E25C140007CF539 /* Sources */ = {
			isa = PBXSourcesBuildPhase;
			buildActionMask = 2147483647;
			files = (
				D68A97AB1E25C140007CF539 /* CocoapodsExTests.swift in Sources */,
			);
			runOnlyForDeploymentPostprocessing = 0;
		};
		D68A97AD1E25C140007CF539 /* Sources */ = {
			isa = PBXSourcesBuildPhase;
			buildActionMask = 2147483647;
			files = (
				D68A97B61E25C140007CF539 /* CocoapodsExUITests.swift in Sources */,
			);
			runOnlyForDeploymentPostprocessing = 0;
		};
/* End PBXSourcesBuildPhase section */

/* Begin PBXTargetDependency section */
		D68A97A81E25C140007CF539 /* PBXTargetDependency */ = {
			isa = PBXTargetDependency;
			target = D68A97911E25C140007CF539 /* CocoapodsEx */;
			targetProxy = D68A97A71E25C140007CF539 /* PBXContainerItemProxy */;
		};
		D68A97B31E25C140007CF539 /* PBXTargetDependency */ = {
			isa = PBXTargetDependency;
			target = D68A97911E25C140007CF539 /* CocoapodsEx */;
			targetProxy = D68A97B21E25C140007CF539 /* PBXContainerItemProxy */;
		};
/* End PBXTargetDependency section */

/* Begin PBXVariantGroup section */
		D68A97991E25C140007CF539 /* Main.storyboard */ = {
			isa = PBXVariantGroup;
			children = (
				D68A979A1E25C140007CF539 /* Base */,
			);
			name = Main.storyboard;
			sourceTree = "<group>";
		};
		D68A979E1E25C140007CF539 /* LaunchScreen.storyboard */ = {
			isa = PBXVariantGroup;
			children = (
				D68A979F1E25C140007CF539 /* Base */,
			);
			name = LaunchScreen.storyboard;
			sourceTree = "<group>";
		};
/* End PBXVariantGroup section */

/* Begin XCBuildConfiguration section */
		D68A97B81E25C140007CF539 /* Debug */ = {
			isa = XCBuildConfiguration;
			buildSettings = {
				ALWAYS_SEARCH_USER_PATHS = NO;
				CLANG_ANALYZER_NONNULL = YES;
				CLANG_CXX_LANGUAGE_STANDARD = "gnu++0x";
				CLANG_CXX_LIBRARY = "libc++";
				CLANG_ENABLE_MODULES = YES;
				CLANG_ENABLE_OBJC_ARC = YES;
				CLANG_WARN_BOOL_CONVERSION = YES;
				CLANG_WARN_CONSTANT_CONVERSION = YES;
				CLANG_WARN_DIRECT_OBJC_ISA_USAGE = YES_ERROR;
				CLANG_WARN_DOCUMENTATION_COMMENTS = YES;
				CLANG_WARN_EMPTY_BODY = YES;
				CLANG_WARN_ENUM_CONVERSION = YES;
				CLANG_WARN_INFINITE_RECURSION = YES;
				CLANG_WARN_INT_CONVERSION = YES;
				CLANG_WARN_OBJC_ROOT_CLASS = YES_ERROR;
				CLANG_WARN_SUSPICIOUS_MOVES = YES;
				CLANG_WARN_UNREACHABLE_CODE = YES;
				CLANG_WARN__DUPLICATE_METHOD_MATCH = YES;
				"CODE_SIGN_IDENTITY[sdk=iphoneos*]" = "iPhone Developer";
				COPY_PHASE_STRIP = NO;
				DEBUG_INFORMATION_FORMAT = dwarf;
				ENABLE_STRICT_OBJC_MSGSEND = YES;
				ENABLE_TESTABILITY = YES;
				GCC_C_LANGUAGE_STANDARD = gnu99;
				GCC_DYNAMIC_NO_PIC = NO;
				GCC_NO_COMMON_BLOCKS = YES;
				GCC_OPTIMIZATION_LEVEL = 0;
				GCC_PREPROCESSOR_DEFINITIONS = (
					"DEBUG=1",
					"$(inherited)",
				);
				GCC_WARN_64_TO_32_BIT_CONVERSION = YES;
				GCC_WARN_ABOUT_RETURN_TYPE = YES_ERROR;
				GCC_WARN_UNDECLARED_SELECTOR = YES;
				GCC_WARN_UNINITIALIZED_AUTOS = YES_AGGRESSIVE;
				GCC_WARN_UNUSED_FUNCTION = YES;
				GCC_WARN_UNUSED_VARIABLE = YES;
				IPHONEOS_DEPLOYMENT_TARGET = 10.1;
				MTL_ENABLE_DEBUG_INFO = YES;
				ONLY_ACTIVE_ARCH = YES;
				SDKROOT = iphoneos;
				SWIFT_ACTIVE_COMPILATION_CONDITIONS = DEBUG;
				SWIFT_OPTIMIZATION_LEVEL = "-Onone";
			};
			name = Debug;
		};
		D68A97B91E25C140007CF539 /* Release */ = {
			isa = XCBuildConfiguration;
			buildSettings = {
				ALWAYS_SEARCH_USER_PATHS = NO;
				CLANG_ANALYZER_NONNULL = YES;
				CLANG_CXX_LANGUAGE_STANDARD = "gnu++0x";
				CLANG_CXX_LIBRARY = "libc++";
				CLANG_ENABLE_MODULES = YES;
				CLANG_ENABLE_OBJC_ARC = YES;
				CLANG_WARN_BOOL_CONVERSION = YES;
				CLANG_WARN_CONSTANT_CONVERSION = YES;
				CLANG_WARN_DIRECT_OBJC_ISA_USAGE = YES_ERROR;
				CLANG_WARN_DOCUMENTATION_COMMENTS = YES;
				CLANG_WARN_EMPTY_BODY = YES;
				CLANG_WARN_ENUM_CONVERSION = YES;
				CLANG_WARN_INFINITE_RECURSION = YES;
				CLANG_WARN_INT_CONVERSION = YES;
				CLANG_WARN_OBJC_ROOT_CLASS = YES_ERROR;
				CLANG_WARN_SUSPICIOUS_MOVES = YES;
				CLANG_WARN_UNREACHABLE_CODE = YES;
				CLANG_WARN__DUPLICATE_METHOD_MATCH = YES;
				"CODE_SIGN_IDENTITY[sdk=iphoneos*]" = "iPhone Developer";
				COPY_PHASE_STRIP = NO;
				DEBUG_INFORMATION_FORMAT = "dwarf-with-dsym";
				ENABLE_NS_ASSERTIONS = NO;
				ENABLE_STRICT_OBJC_MSGSEND = YES;
				GCC_C_LANGUAGE_STANDARD = gnu99;
				GCC_NO_COMMON_BLOCKS = YES;
				GCC_WARN_64_TO_32_BIT_CONVERSION = YES;
				GCC_WARN_ABOUT_RETURN_TYPE = YES_ERROR;
				GCC_WARN_UNDECLARED_SELECTOR = YES;
				GCC_WARN_UNINITIALIZED_AUTOS = YES_AGGRESSIVE;
				GCC_WARN_UNUSED_FUNCTION = YES;
				GCC_WARN_UNUSED_VARIABLE = YES;
				IPHONEOS_DEPLOYMENT_TARGET = 10.1;
				MTL_ENABLE_DEBUG_INFO = NO;
				SDKROOT = iphoneos;
				SWIFT_OPTIMIZATION_LEVEL = "-Owholemodule";
				VALIDATE_PRODUCT = YES;
			};
			name = Release;
		};
		D68A97BB1E25C140007CF539 /* Debug */ = {
			isa = XCBuildConfiguration;
			baseConfigurationReference = 1EA015DB8B7155E9490225AA /* Pods-CocoapodsEx.debug.xcconfig */;
			buildSettings = {
				ASSETCATALOG_COMPILER_APPICON_NAME = AppIcon;
				DEVELOPMENT_TEAM = E3K4HTC5RG;
				INFOPLIST_FILE = CocoapodsEx/Info.plist;
				LD_RUNPATH_SEARCH_PATHS = "$(inherited) @executable_path/Frameworks";
				PRODUCT_BUNDLE_IDENTIFIER = com.whitehobbit.CocoapodsEx;
				PRODUCT_NAME = "$(TARGET_NAME)";
				SWIFT_VERSION = 3.0;
			};
			name = Debug;
		};
		D68A97BC1E25C140007CF539 /* Release */ = {
			isa = XCBuildConfiguration;
			baseConfigurationReference = 5B3532EE22DBF9CBC44E6D1D /* Pods-CocoapodsEx.release.xcconfig */;
			buildSettings = {
				ASSETCATALOG_COMPILER_APPICON_NAME = AppIcon;
				DEVELOPMENT_TEAM = E3K4HTC5RG;
				INFOPLIST_FILE = CocoapodsEx/Info.plist;
				LD_RUNPATH_SEARCH_PATHS = "$(inherited) @executable_path/Frameworks";
				PRODUCT_BUNDLE_IDENTIFIER = com.whitehobbit.CocoapodsEx;
				PRODUCT_NAME = "$(TARGET_NAME)";
				SWIFT_VERSION = 3.0;
			};
			name = Release;
		};
		D68A97BE1E25C140007CF539 /* Debug */ = {
			isa = XCBuildConfiguration;
			baseConfigurationReference = 88504DD8FF29806A17279203 /* Pods-CocoapodsExTests.debug.xcconfig */;
			buildSettings = {
				ALWAYS_EMBED_SWIFT_STANDARD_LIBRARIES = YES;
				BUNDLE_LOADER = "$(TEST_HOST)";
				DEVELOPMENT_TEAM = E3K4HTC5RG;
				INFOPLIST_FILE = CocoapodsExTests/Info.plist;
				LD_RUNPATH_SEARCH_PATHS = "$(inherited) @executable_path/Frameworks @loader_path/Frameworks";
				PRODUCT_BUNDLE_IDENTIFIER = com.whitehobbit.CocoapodsExTests;
				PRODUCT_NAME = "$(TARGET_NAME)";
				SWIFT_VERSION = 3.0;
				TEST_HOST = "$(BUILT_PRODUCTS_DIR)/CocoapodsEx.app/CocoapodsEx";
			};
			name = Debug;
		};
		D68A97BF1E25C140007CF539 /* Release */ = {
			isa = XCBuildConfiguration;
			baseConfigurationReference = AB051A760BF8A037E51750F3 /* Pods-CocoapodsExTests.release.xcconfig */;
			buildSettings = {
				ALWAYS_EMBED_SWIFT_STANDARD_LIBRARIES = YES;
				BUNDLE_LOADER = "$(TEST_HOST)";
				DEVELOPMENT_TEAM = E3K4HTC5RG;
				INFOPLIST_FILE = CocoapodsExTests/Info.plist;
				LD_RUNPATH_SEARCH_PATHS = "$(inherited) @executable_path/Frameworks @loader_path/Frameworks";
				PRODUCT_BUNDLE_IDENTIFIER = com.whitehobbit.CocoapodsExTests;
				PRODUCT_NAME = "$(TARGET_NAME)";
				SWIFT_VERSION = 3.0;
				TEST_HOST = "$(BUILT_PRODUCTS_DIR)/CocoapodsEx.app/CocoapodsEx";
			};
			name = Release;
		};
		D68A97C11E25C140007CF539 /* Debug */ = {
			isa = XCBuildConfiguration;
			baseConfigurationReference = 4EC4D3C3BFA33E71F258B055 /* Pods-CocoapodsExUITests.debug.xcconfig */;
			buildSettings = {
				ALWAYS_EMBED_SWIFT_STANDARD_LIBRARIES = YES;
				DEVELOPMENT_TEAM = E3K4HTC5RG;
				INFOPLIST_FILE = CocoapodsExUITests/Info.plist;
				LD_RUNPATH_SEARCH_PATHS = "$(inherited) @executable_path/Frameworks @loader_path/Frameworks";
				PRODUCT_BUNDLE_IDENTIFIER = com.whitehobbit.CocoapodsExUITests;
				PRODUCT_NAME = "$(TARGET_NAME)";
				SWIFT_VERSION = 3.0;
				TEST_TARGET_NAME = CocoapodsEx;
			};
			name = Debug;
		};
		D68A97C21E25C140007CF539 /* Release */ = {
			isa = XCBuildConfiguration;
			baseConfigurationReference = 7A10145E26D2D30245830540 /* Pods-CocoapodsExUITests.release.xcconfig */;
			buildSettings = {
				ALWAYS_EMBED_SWIFT_STANDARD_LIBRARIES = YES;
				DEVELOPMENT_TEAM = E3K4HTC5RG;
				INFOPLIST_FILE = CocoapodsExUITests/Info.plist;
				LD_RUNPATH_SEARCH_PATHS = "$(inherited) @executable_path/Frameworks @loader_path/Frameworks";
				PRODUCT_BUNDLE_IDENTIFIER = com.whitehobbit.CocoapodsExUITests;
				PRODUCT_NAME = "$(TARGET_NAME)";
				SWIFT_VERSION = 3.0;
				TEST_TARGET_NAME = CocoapodsEx;
			};
			name = Release;
		};
/* End XCBuildConfiguration section */

/* Begin XCConfigurationList section */
		D68A978D1E25C140007CF539 /* Build configuration list for PBXProject "CocoapodsEx" */ = {
			isa = XCConfigurationList;
			buildConfigurations = (
				D68A97B81E25C140007CF539 /* Debug */,
				D68A97B91E25C140007CF539 /* Release */,
			);
			defaultConfigurationIsVisible = 0;
			defaultConfigurationName = Release;
		};
		D68A97BA1E25C140007CF539 /* Build configuration list for PBXNativeTarget "CocoapodsEx" */ = {
			isa = XCConfigurationList;
			buildConfigurations = (
				D68A97BB1E25C140007CF539 /* Debug */,
				D68A97BC1E25C140007CF539 /* Release */,
			);
			defaultConfigurationIsVisible = 0;
		};
		D68A97BD1E25C140007CF539 /* Build configuration list for PBXNativeTarget "CocoapodsExTests" */ = {
			isa = XCConfigurationList;
			buildConfigurations = (
				D68A97BE1E25C140007CF539 /* Debug */,
				D68A97BF1E25C140007CF539 /* Release */,
			);
			defaultConfigurationIsVisible = 0;
		};
		D68A97C01E25C140007CF539 /* Build configuration list for PBXNativeTarget "CocoapodsExUITests" */ = {
			isa = XCConfigurationList;
			buildConfigurations = (
				D68A97C11E25C140007CF539 /* Debug */,
				D68A97C21E25C140007CF539 /* Release */,
			);
			defaultConfigurationIsVisible = 0;
		};
/* End XCConfigurationList section */
	};
	rootObject = D68A978A1E25C140007CF539 /* Project object */;
}
